
Microsoft Visual Studio Solution File, Format Version 12.00
# Visual Studio Version 17
VisualStudioVersion = 17.1.32319.34
MinimumVisualStudioVersion = 10.0.40219.1
Project("{9A19103F-16F7-4668-BE54-9A1E7A4F7556}") = "VirtualShop.Api", "VirtualShop.Api\VirtualShop.Api.csproj", "{2E4CA6BF-6522-46CE-A68E-D11CF3BF909F}"
EndProject
Project("{9A19103F-16F7-4668-BE54-9A1E7A4F7556}") = "VirtualShop.Domain", "VirtualShop.Domai\VirtualShop.Domain.csproj", "{D1B2DCBF-A27F-4369-BE0A-FFCE0A3BF8DB}"
EndProject
Project("{9A19103F-16F7-4668-BE54-9A1E7A4F7556}") = "VirtualShop.Infra", "VirtualShop.Infra\VirtualShop.Infra.csproj", "{A1DC24D3-27F0-4311-8E57-051773408278}"
EndProject
Project("{9A19103F-16F7-4668-BE54-9A1E7A4F7556}") = "VirtualShop.Domain.Tests", "VirtualShop.Domain.Tests\VirtualShop.Domain.Tests.csproj", "{366F306F-9F34-4D41-93B5-44D6976A7D95}"
EndProject
Project("{FAE04EC0-301F-11D3-BF4B-00C04F79EFBC}") = "VirtualShop.Application", "VirtualShop.Application\VirtualShop.Application.csproj", "{DBABE4F2-46BB-441D-B45C-357D7875CA29}"
EndProject
Global
	GlobalSection(SolutionConfigurationPlatforms) = preSolution
		Debug|Any CPU = Debug|Any CPU
		Release|Any CPU = Release|Any CPU
	EndGlobalSection
	GlobalSection(ProjectConfigurationPlatforms) = postSolution
		{2E4CA6BF-6522-46CE-A68E-D11CF3BF909F}.Debug|Any CPU.ActiveCfg = Debug|Any CPU
		{2E4CA6BF-6522-46CE-A68E-D11CF3BF909F}.Debug|Any CPU.Build.0 = Debug|Any CPU
		{2E4CA6BF-6522-46CE-A68E-D11CF3BF909F}.Release|Any CPU.ActiveCfg = Release|Any CPU
		{2E4CA6BF-6522-46CE-A68E-D11CF3BF909F}.Release|Any CPU.Build.0 = Release|Any CPU
		{D1B2DCBF-A27F-4369-BE0A-FFCE0A3BF8DB}.Debug|Any CPU.ActiveCfg = Debug|Any CPU
		{D1B2DCBF-A27F-4369-BE0A-FFCE0A3BF8DB}.Debug|Any CPU.Build.0 = Debug|Any CPU
		{D1B2DCBF-A27F-4369-BE0A-FFCE0A3BF8DB}.Release|Any CPU.ActiveCfg = Release|Any CPU
		{D1B2DCBF-A27F-4369-BE0A-FFCE0A3BF8DB}.Release|Any CPU.Build.0 = Release|Any CPU
		{A1DC24D3-27F0-4311-8E57-051773408278}.Debug|Any CPU.ActiveCfg = Debug|Any CPU
		{A1DC24D3-27F0-4311-8E57-051773408278}.Debug|Any CPU.Build.0 = Debug|Any CPU
		{A1DC24D3-27F0-4311-8E57-051773408278}.Release|Any CPU.ActiveCfg = Release|Any CPU
		{A1DC24D3-27F0-4311-8E57-051773408278}.Release|Any CPU.Build.0 = Release|Any CPU
		{366F306F-9F34-4D41-93B5-44D6976A7D95}.Debug|Any CPU.ActiveCfg = Debug|Any CPU
		{366F306F-9F34-4D41-93B5-44D6976A7D95}.Debug|Any CPU.Build.0 = Debug|Any CPU
		{366F306F-9F34-4D41-93B5-44D6976A7D95}.Release|Any CPU.ActiveCfg = Release|Any CPU
		{366F306F-9F34-4D41-93B5-44D6976A7D95}.Release|Any CPU.Build.0 = Release|Any CPU
		{DBABE4F2-46BB-441D-B45C-357D7875CA29}.Debug|Any CPU.ActiveCfg = Debug|Any CPU
		{DBABE4F2-46BB-441D-B45C-357D7875CA29}.Debug|Any CPU.Build.0 = Debug|Any CPU
		{DBABE4F2-46BB-441D-B45C-357D7875CA29}.Release|Any CPU.ActiveCfg = Release|Any CPU
		{DBABE4F2-46BB-441D-B45C-357D7875CA29}.Release|Any CPU.Build.0 = Release|Any CPU
	EndGlobalSection
	GlobalSection(SolutionProperties) = preSolution
		HideSolutionNode = FALSE
	EndGlobalSection
	GlobalSection(ExtensibilityGlobals) = postSolution
		SolutionGuid = {56AF1DBE-0719-4E41-98B1-86673DC4247E}
	EndGlobalSection
EndGlobal
